
Microsoft Visual Studio Solution File, Format Version 12.00
# Visual Studio Version 17
VisualStudioVersion = 17.0.32112.339
MinimumVisualStudioVersion = 10.0.40219.1
Project("{FAE04EC0-301F-11D3-BF4B-00C04F79EFBC}") = "EscSeqRichText", "EscSeqRichText.csproj", "{08251E2C-C589-420B-8414-34B45B0EEA04}"
EndProject
Global
	GlobalSection(SolutionConfigurationPlatforms) = preSolution
		Debug|Any CPU = Debug|Any CPU
		Release|Any CPU = Release|Any CPU
	EndGlobalSection
	GlobalSection(ProjectConfigurationPlatforms) = postSolution
		{08251E2C-C589-420B-8414-34B45B0EEA04}.Debug|Any CPU.ActiveCfg = Debug|Any CPU
		{08251E2C-C589-420B-8414-34B45B0EEA04}.Debug|Any CPU.Build.0 = Debug|Any CPU
		{08251E2C-C589-420B-8414-34B45B0EEA04}.Release|Any CPU.ActiveCfg = Release|Any CPU
		{08251E2C-C589-420B-8414-34B45B0EEA04}.Release|Any CPU.Build.0 = Release|Any CPU
	EndGlobalSection
	GlobalSection(SolutionProperties) = preSolution
		HideSolutionNode = FALSE
	EndGlobalSection
	GlobalSection(ExtensibilityGlobals) = postSolution
		SolutionGuid = {BD561FE8-B3B5-43B0-8E3A-1AB663AB6CF2}
	EndGlobalSection
EndGlobal
